
Microsoft Visual Studio Solution File, Format Version 12.00
# Visual Studio Version 17
VisualStudioVersion = 17.0.31903.59
MinimumVisualStudioVersion = 10.0.40219.1
Project("{2150E333-8FDC-42A3-9474-1A3956D46DE8}") = "src", "src", "{72DB2BD6-E0F6-4DFB-BE9A-1C5E80F4EEFA}"
	ProjectSection(SolutionItems) = preProject
		docker-compose.yml = docker-compose.yml
		NuGet.config = NuGet.config
	EndProjectSection
EndProject
Project("{9A19103F-16F7-4668-BE54-9A1E7A4F7556}") = "ScopeCoreWebApp", "src\UIMicroService\ScopeCoreWebApp.csproj", "{09E8FAAF-5C20-4B34-9B11-5BB59800001D}"
EndProject
Project("{9A19103F-16F7-4668-BE54-9A1E7A4F7556}") = "APIGateway", "src\APIGatewayMicroService\APIGateway.csproj", "{8E15E1B8-409B-457C-BEE7-2261216ECB4F}"
EndProject
Project("{9A19103F-16F7-4668-BE54-9A1E7A4F7556}") = "AuthenticateService", "src\AuthenticationMicroService\AuthenticateService.csproj", "{4F7D4C8D-D162-49AF-8060-0751C5063431}"
EndProject
Project("{2150E333-8FDC-42A3-9474-1A3956D46DE8}") = "MasterMicroService", "MasterMicroService", "{E962AEDD-DCF6-45BF-9B4A-F36694D4DBAC}"
EndProject
Project("{9A19103F-16F7-4668-BE54-9A1E7A4F7556}") = "CodingCompanyService", "src\MasterMicroService\CodingCompanyMicroService\CodingCompanyService.csproj", "{AD995767-75BB-4F45-ADF9-D66A7CEC8523}"
EndProject
Project("{2150E333-8FDC-42A3-9474-1A3956D46DE8}") = "SchoolManagementMicroServiceCollection", "SchoolManagementMicroServiceCollection", "{BB591377-0541-418F-8B5F-44372111B321}"
EndProject
Project("{9A19103F-16F7-4668-BE54-9A1E7A4F7556}") = "CommonMicroService", "src\SchoolManagementMicroServiceCollection\CommonMicroService\CommonMicroService.csproj", "{3123BC89-9816-4F67-824C-81F3E56443A2}"
EndProject
Project("{9A19103F-16F7-4668-BE54-9A1E7A4F7556}") = "EmployeeMicroService", "src\SchoolManagementMicroServiceCollection\EmployeeMicroService\EmployeeMicroService.csproj", "{06FAB551-BD34-44B0-91FD-A3DD5D30D53B}"
EndProject
Project("{9A19103F-16F7-4668-BE54-9A1E7A4F7556}") = "InventoryMicroService", "src\SchoolManagementMicroServiceCollection\InventoryMicroService\InventoryMicroService.csproj", "{A8B47C66-274C-4F3E-94FD-DB1480B8388A}"
EndProject
Project("{9A19103F-16F7-4668-BE54-9A1E7A4F7556}") = "SchoolLibraryMicroService", "src\SchoolManagementMicroServiceCollection\SchoolLibraryMicroService\SchoolLibraryMicroService.csproj", "{067292BE-40E9-440D-BBBC-834E26AC414F}"
EndProject
Project("{2150E333-8FDC-42A3-9474-1A3956D46DE8}") = "Shared", "Shared", "{E2C9D962-8090-4885-8B9B-92F8FD527CE4}"
EndProject
Project("{2150E333-8FDC-42A3-9474-1A3956D46DE8}") = "BusinessLayerLibrary", "BusinessLayerLibrary", "{ABF9C4B2-F572-42AF-AE1A-D7B4BFA3F527}"
EndProject
Project("{9A19103F-16F7-4668-BE54-9A1E7A4F7556}") = "BSAuthentication", "src\Shared\BusinessLayerLibrary\BSAuthentication\BSAuthentication.csproj", "{ED17171F-6763-4A81-BC97-867159708956}"
EndProject
Project("{9A19103F-16F7-4668-BE54-9A1E7A4F7556}") = "BSCodingCompany", "src\Shared\BusinessLayerLibrary\BSCodingCompany\BSCodingCompany.csproj", "{B2A32319-E78F-4396-A1E6-86700EBBE958}"
EndProject
Project("{9A19103F-16F7-4668-BE54-9A1E7A4F7556}") = "BSLayerSchool", "src\Shared\BusinessLayerLibrary\BSLayerSchool\BSLayerSchool.csproj", "{283665A1-ADB6-4454-A3BF-9A8B97085821}"
EndProject
Project("{2150E333-8FDC-42A3-9474-1A3956D46DE8}") = "CacheLayerLibrary", "CacheLayerLibrary", "{19ABAD0B-65EE-4FC5-A81B-EA0806B7DB2A}"
EndProject
Project("{9A19103F-16F7-4668-BE54-9A1E7A4F7556}") = "MCCommonLayer", "src\Shared\CacheLayerLibrary\MCCommonLayer\MCCommonLayer.csproj", "{35E8C25E-F0A8-46E0-B2E5-25D9FE044767}"
EndProject
Project("{9A19103F-16F7-4668-BE54-9A1E7A4F7556}") = "MCEmployeeLayer", "src\Shared\CacheLayerLibrary\MCEmployeeLayer\MCEmployeeLayer.csproj", "{F1381380-789E-4963-9119-011446C68745}"
EndProject
Project("{9A19103F-16F7-4668-BE54-9A1E7A4F7556}") = "MCInventoryLayer", "src\Shared\CacheLayerLibrary\MCInventoryLayer\MCInventoryLayer.csproj", "{AF2FA019-029D-497F-A93B-25D0A4C3D9E2}"
EndProject
Project("{9A19103F-16F7-4668-BE54-9A1E7A4F7556}") = "GenericFunction", "src\Shared\CommonLayerLibrary\GenericFunction.csproj", "{29C012F3-A4E4-4B54-9DD3-82FAEC876F88}"
EndProject
Project("{9A19103F-16F7-4668-BE54-9A1E7A4F7556}") = "SharedLibrary", "src\Shared\CommonServiceLayer\SharedLibrary.csproj", "{B9F054B6-E134-4084-8DC1-7215D0F1ECCE}"
EndProject
Project("{2150E333-8FDC-42A3-9474-1A3956D46DE8}") = "DataLayerLibrary", "DataLayerLibrary", "{ED8E63A5-7414-4331-96DE-0B3739BD909C}"
EndProject
Project("{9A19103F-16F7-4668-BE54-9A1E7A4F7556}") = "DataCacheLayer", "src\Shared\DataLayerLibrary\CacheDataLibrary\DataCacheLayer.csproj", "{AED17B32-4304-4530-BB45-C93424826E8E}"
EndProject
Project("{2150E333-8FDC-42A3-9474-1A3956D46DE8}") = "DatabaseLibrary", "DatabaseLibrary", "{4F98A675-D40E-47AC-9325-899122F54E8F}"
EndProject
Project("{9A19103F-16F7-4668-BE54-9A1E7A4F7556}") = "DBOperationsLayer", "src\Shared\DataLayerLibrary\DatabaseLibrary\DatabaseMigrationService\DBOperationsLayer.csproj", "{E0C0DA6F-9867-4905-93AC-52B8074192C7}"
EndProject
Project("{9A19103F-16F7-4668-BE54-9A1E7A4F7556}") = "DataBaseServices", "src\Shared\DataLayerLibrary\DatabaseLibrary\DatabaseService\DataBaseServices.csproj", "{16476EAB-2E3B-415A-AB84-6447FC806ED6}"
EndProject
Project("{9A19103F-16F7-4668-BE54-9A1E7A4F7556}") = "DependencyInjection", "src\Shared\DILayerLibrary\DependencyInjection.csproj", "{0B9A49BD-A595-4829-B467-40342FFF62EC}"
EndProject
Project("{9A19103F-16F7-4668-BE54-9A1E7A4F7556}") = "IdentityLayer", "src\Shared\IdentityLayerLibrary\IdentityLayer.csproj", "{3A746F77-153A-450A-B0D3-44B82611BB64}"
EndProject
Project("{2150E333-8FDC-42A3-9474-1A3956D46DE8}") = "ModelLayerLibrary", "ModelLayerLibrary", "{9F2245A4-BC38-4DEC-B44F-A86124B24BE6}"
EndProject
Project("{9A19103F-16F7-4668-BE54-9A1E7A4F7556}") = "ModelTemplates", "src\Shared\ModelLayerLibrary\DataModelDtoModelLayer\ModelTemplates.csproj", "{9105799D-544F-48A4-BBE0-9E7E79766D25}"
EndProject
Project("{9A19103F-16F7-4668-BE54-9A1E7A4F7556}") = "VModelLayer", "src\Shared\ModelLayerLibrary\ViewModelLayer\VModelLayer.csproj", "{BAB57496-4E4C-4C78-BF75-D3A1E02346DD}"
EndProject
Project("{9A19103F-16F7-4668-BE54-9A1E7A4F7556}") = "UnitOfWork", "src\Shared\UnitOfWorkLayerLibrary\UnitOfWork.csproj", "{B1A23CED-4D3D-4132-B1C3-14C78CA64A7C}"
EndProject
Global
	GlobalSection(SolutionConfigurationPlatforms) = preSolution
		d|Any CPU = d|Any CPU
		Debug|Any CPU = Debug|Any CPU
		Release|Any CPU = Release|Any CPU
	EndGlobalSection
	GlobalSection(ProjectConfigurationPlatforms) = postSolution
		{09E8FAAF-5C20-4B34-9B11-5BB59800001D}.d|Any CPU.ActiveCfg = Debug|Any CPU
		{09E8FAAF-5C20-4B34-9B11-5BB59800001D}.d|Any CPU.Build.0 = Debug|Any CPU
		{09E8FAAF-5C20-4B34-9B11-5BB59800001D}.Debug|Any CPU.ActiveCfg = Debug|Any CPU
		{09E8FAAF-5C20-4B34-9B11-5BB59800001D}.Debug|Any CPU.Build.0 = Debug|Any CPU
		{09E8FAAF-5C20-4B34-9B11-5BB59800001D}.Release|Any CPU.ActiveCfg = Release|Any CPU
		{09E8FAAF-5C20-4B34-9B11-5BB59800001D}.Release|Any CPU.Build.0 = Release|Any CPU
		{8E15E1B8-409B-457C-BEE7-2261216ECB4F}.d|Any CPU.ActiveCfg = d|Any CPU
		{8E15E1B8-409B-457C-BEE7-2261216ECB4F}.d|Any CPU.Build.0 = d|Any CPU
		{8E15E1B8-409B-457C-BEE7-2261216ECB4F}.Debug|Any CPU.ActiveCfg = Debug|Any CPU
		{8E15E1B8-409B-457C-BEE7-2261216ECB4F}.Debug|Any CPU.Build.0 = Debug|Any CPU
		{8E15E1B8-409B-457C-BEE7-2261216ECB4F}.Release|Any CPU.ActiveCfg = Release|Any CPU
		{8E15E1B8-409B-457C-BEE7-2261216ECB4F}.Release|Any CPU.Build.0 = Release|Any CPU
		{4F7D4C8D-D162-49AF-8060-0751C5063431}.d|Any CPU.ActiveCfg = Debug|Any CPU
		{4F7D4C8D-D162-49AF-8060-0751C5063431}.d|Any CPU.Build.0 = Debug|Any CPU
		{4F7D4C8D-D162-49AF-8060-0751C5063431}.Debug|Any CPU.ActiveCfg = Debug|Any CPU
		{4F7D4C8D-D162-49AF-8060-0751C5063431}.Debug|Any CPU.Build.0 = Debug|Any CPU
		{4F7D4C8D-D162-49AF-8060-0751C5063431}.Release|Any CPU.ActiveCfg = Release|Any CPU
		{4F7D4C8D-D162-49AF-8060-0751C5063431}.Release|Any CPU.Build.0 = Release|Any CPU
		{AD995767-75BB-4F45-ADF9-D66A7CEC8523}.d|Any CPU.ActiveCfg = Debug|Any CPU
		{AD995767-75BB-4F45-ADF9-D66A7CEC8523}.d|Any CPU.Build.0 = Debug|Any CPU
		{AD995767-75BB-4F45-ADF9-D66A7CEC8523}.Debug|Any CPU.ActiveCfg = Debug|Any CPU
		{AD995767-75BB-4F45-ADF9-D66A7CEC8523}.Debug|Any CPU.Build.0 = Debug|Any CPU
		{AD995767-75BB-4F45-ADF9-D66A7CEC8523}.Release|Any CPU.ActiveCfg = Release|Any CPU
		{AD995767-75BB-4F45-ADF9-D66A7CEC8523}.Release|Any CPU.Build.0 = Release|Any CPU
		{3123BC89-9816-4F67-824C-81F3E56443A2}.d|Any CPU.ActiveCfg = Debug|Any CPU
		{3123BC89-9816-4F67-824C-81F3E56443A2}.d|Any CPU.Build.0 = Debug|Any CPU
		{3123BC89-9816-4F67-824C-81F3E56443A2}.Debug|Any CPU.ActiveCfg = Debug|Any CPU
		{3123BC89-9816-4F67-824C-81F3E56443A2}.Debug|Any CPU.Build.0 = Debug|Any CPU
		{3123BC89-9816-4F67-824C-81F3E56443A2}.Release|Any CPU.ActiveCfg = Release|Any CPU
		{3123BC89-9816-4F67-824C-81F3E56443A2}.Release|Any CPU.Build.0 = Release|Any CPU
		{06FAB551-BD34-44B0-91FD-A3DD5D30D53B}.d|Any CPU.ActiveCfg = Debug|Any CPU
		{06FAB551-BD34-44B0-91FD-A3DD5D30D53B}.d|Any CPU.Build.0 = Debug|Any CPU
		{06FAB551-BD34-44B0-91FD-A3DD5D30D53B}.Debug|Any CPU.ActiveCfg = Debug|Any CPU
		{06FAB551-BD34-44B0-91FD-A3DD5D30D53B}.Debug|Any CPU.Build.0 = Debug|Any CPU
		{06FAB551-BD34-44B0-91FD-A3DD5D30D53B}.Release|Any CPU.ActiveCfg = Release|Any CPU
		{06FAB551-BD34-44B0-91FD-A3DD5D30D53B}.Release|Any CPU.Build.0 = Release|Any CPU
		{A8B47C66-274C-4F3E-94FD-DB1480B8388A}.d|Any CPU.ActiveCfg = Debug|Any CPU
		{A8B47C66-274C-4F3E-94FD-DB1480B8388A}.d|Any CPU.Build.0 = Debug|Any CPU
		{A8B47C66-274C-4F3E-94FD-DB1480B8388A}.Debug|Any CPU.ActiveCfg = Debug|Any CPU
		{A8B47C66-274C-4F3E-94FD-DB1480B8388A}.Debug|Any CPU.Build.0 = Debug|Any CPU
		{A8B47C66-274C-4F3E-94FD-DB1480B8388A}.Release|Any CPU.ActiveCfg = Release|Any CPU
		{A8B47C66-274C-4F3E-94FD-DB1480B8388A}.Release|Any CPU.Build.0 = Release|Any CPU
		{067292BE-40E9-440D-BBBC-834E26AC414F}.d|Any CPU.ActiveCfg = Debug|Any CPU
		{067292BE-40E9-440D-BBBC-834E26AC414F}.d|Any CPU.Build.0 = Debug|Any CPU
		{067292BE-40E9-440D-BBBC-834E26AC414F}.Debug|Any CPU.ActiveCfg = Debug|Any CPU
		{067292BE-40E9-440D-BBBC-834E26AC414F}.Debug|Any CPU.Build.0 = Debug|Any CPU
		{067292BE-40E9-440D-BBBC-834E26AC414F}.Release|Any CPU.ActiveCfg = Release|Any CPU
		{067292BE-40E9-440D-BBBC-834E26AC414F}.Release|Any CPU.Build.0 = Release|Any CPU
		{ED17171F-6763-4A81-BC97-867159708956}.d|Any CPU.ActiveCfg = Debug|Any CPU
		{ED17171F-6763-4A81-BC97-867159708956}.d|Any CPU.Build.0 = Debug|Any CPU
		{ED17171F-6763-4A81-BC97-867159708956}.Debug|Any CPU.ActiveCfg = Debug|Any CPU
		{ED17171F-6763-4A81-BC97-867159708956}.Debug|Any CPU.Build.0 = Debug|Any CPU
		{ED17171F-6763-4A81-BC97-867159708956}.Release|Any CPU.ActiveCfg = Release|Any CPU
		{ED17171F-6763-4A81-BC97-867159708956}.Release|Any CPU.Build.0 = Release|Any CPU
		{B2A32319-E78F-4396-A1E6-86700EBBE958}.d|Any CPU.ActiveCfg = Debug|Any CPU
		{B2A32319-E78F-4396-A1E6-86700EBBE958}.d|Any CPU.Build.0 = Debug|Any CPU
		{B2A32319-E78F-4396-A1E6-86700EBBE958}.Debug|Any CPU.ActiveCfg = Debug|Any CPU
		{B2A32319-E78F-4396-A1E6-86700EBBE958}.Debug|Any CPU.Build.0 = Debug|Any CPU
		{B2A32319-E78F-4396-A1E6-86700EBBE958}.Release|Any CPU.ActiveCfg = Release|Any CPU
		{B2A32319-E78F-4396-A1E6-86700EBBE958}.Release|Any CPU.Build.0 = Release|Any CPU
		{283665A1-ADB6-4454-A3BF-9A8B97085821}.d|Any CPU.ActiveCfg = Debug|Any CPU
		{283665A1-ADB6-4454-A3BF-9A8B97085821}.d|Any CPU.Build.0 = Debug|Any CPU
		{283665A1-ADB6-4454-A3BF-9A8B97085821}.Debug|Any CPU.ActiveCfg = Debug|Any CPU
		{283665A1-ADB6-4454-A3BF-9A8B97085821}.Debug|Any CPU.Build.0 = Debug|Any CPU
		{283665A1-ADB6-4454-A3BF-9A8B97085821}.Release|Any CPU.ActiveCfg = Release|Any CPU
		{283665A1-ADB6-4454-A3BF-9A8B97085821}.Release|Any CPU.Build.0 = Release|Any CPU
		{35E8C25E-F0A8-46E0-B2E5-25D9FE044767}.d|Any CPU.ActiveCfg = Debug|Any CPU
		{35E8C25E-F0A8-46E0-B2E5-25D9FE044767}.d|Any CPU.Build.0 = Debug|Any CPU
		{35E8C25E-F0A8-46E0-B2E5-25D9FE044767}.Debug|Any CPU.ActiveCfg = Debug|Any CPU
		{35E8C25E-F0A8-46E0-B2E5-25D9FE044767}.Debug|Any CPU.Build.0 = Debug|Any CPU
		{35E8C25E-F0A8-46E0-B2E5-25D9FE044767}.Release|Any CPU.ActiveCfg = Release|Any CPU
		{35E8C25E-F0A8-46E0-B2E5-25D9FE044767}.Release|Any CPU.Build.0 = Release|Any CPU
		{F1381380-789E-4963-9119-011446C68745}.d|Any CPU.ActiveCfg = Debug|Any CPU
		{F1381380-789E-4963-9119-011446C68745}.d|Any CPU.Build.0 = Debug|Any CPU
		{F1381380-789E-4963-9119-011446C68745}.Debug|Any CPU.ActiveCfg = Debug|Any CPU
		{F1381380-789E-4963-9119-011446C68745}.Debug|Any CPU.Build.0 = Debug|Any CPU
		{F1381380-789E-4963-9119-011446C68745}.Release|Any CPU.ActiveCfg = Release|Any CPU
		{F1381380-789E-4963-9119-011446C68745}.Release|Any CPU.Build.0 = Release|Any CPU
		{AF2FA019-029D-497F-A93B-25D0A4C3D9E2}.d|Any CPU.ActiveCfg = Debug|Any CPU
		{AF2FA019-029D-497F-A93B-25D0A4C3D9E2}.d|Any CPU.Build.0 = Debug|Any CPU
		{AF2FA019-029D-497F-A93B-25D0A4C3D9E2}.Debug|Any CPU.ActiveCfg = Debug|Any CPU
		{AF2FA019-029D-497F-A93B-25D0A4C3D9E2}.Debug|Any CPU.Build.0 = Debug|Any CPU
		{AF2FA019-029D-497F-A93B-25D0A4C3D9E2}.Release|Any CPU.ActiveCfg = Release|Any CPU
		{AF2FA019-029D-497F-A93B-25D0A4C3D9E2}.Release|Any CPU.Build.0 = Release|Any CPU
		{29C012F3-A4E4-4B54-9DD3-82FAEC876F88}.d|Any CPU.ActiveCfg = Debug|Any CPU
		{29C012F3-A4E4-4B54-9DD3-82FAEC876F88}.d|Any CPU.Build.0 = Debug|Any CPU
		{29C012F3-A4E4-4B54-9DD3-82FAEC876F88}.Debug|Any CPU.ActiveCfg = Debug|Any CPU
		{29C012F3-A4E4-4B54-9DD3-82FAEC876F88}.Debug|Any CPU.Build.0 = Debug|Any CPU
		{29C012F3-A4E4-4B54-9DD3-82FAEC876F88}.Release|Any CPU.ActiveCfg = Release|Any CPU
		{29C012F3-A4E4-4B54-9DD3-82FAEC876F88}.Release|Any CPU.Build.0 = Release|Any CPU
		{B9F054B6-E134-4084-8DC1-7215D0F1ECCE}.d|Any CPU.ActiveCfg = Debug|Any CPU
		{B9F054B6-E134-4084-8DC1-7215D0F1ECCE}.d|Any CPU.Build.0 = Debug|Any CPU
		{B9F054B6-E134-4084-8DC1-7215D0F1ECCE}.Debug|Any CPU.ActiveCfg = Debug|Any CPU
		{B9F054B6-E134-4084-8DC1-7215D0F1ECCE}.Debug|Any CPU.Build.0 = Debug|Any CPU
		{B9F054B6-E134-4084-8DC1-7215D0F1ECCE}.Release|Any CPU.ActiveCfg = Release|Any CPU
		{B9F054B6-E134-4084-8DC1-7215D0F1ECCE}.Release|Any CPU.Build.0 = Release|Any CPU
		{AED17B32-4304-4530-BB45-C93424826E8E}.d|Any CPU.ActiveCfg = Debug|Any CPU
		{AED17B32-4304-4530-BB45-C93424826E8E}.d|Any CPU.Build.0 = Debug|Any CPU
		{AED17B32-4304-4530-BB45-C93424826E8E}.Debug|Any CPU.ActiveCfg = Debug|Any CPU
		{AED17B32-4304-4530-BB45-C93424826E8E}.Debug|Any CPU.Build.0 = Debug|Any CPU
		{AED17B32-4304-4530-BB45-C93424826E8E}.Release|Any CPU.ActiveCfg = Release|Any CPU
		{AED17B32-4304-4530-BB45-C93424826E8E}.Release|Any CPU.Build.0 = Release|Any CPU
		{E0C0DA6F-9867-4905-93AC-52B8074192C7}.d|Any CPU.ActiveCfg = Debug|Any CPU
		{E0C0DA6F-9867-4905-93AC-52B8074192C7}.d|Any CPU.Build.0 = Debug|Any CPU
		{E0C0DA6F-9867-4905-93AC-52B8074192C7}.Debug|Any CPU.ActiveCfg = Debug|Any CPU
		{E0C0DA6F-9867-4905-93AC-52B8074192C7}.Debug|Any CPU.Build.0 = Debug|Any CPU
		{E0C0DA6F-9867-4905-93AC-52B8074192C7}.Release|Any CPU.ActiveCfg = Release|Any CPU
		{E0C0DA6F-9867-4905-93AC-52B8074192C7}.Release|Any CPU.Build.0 = Release|Any CPU
		{16476EAB-2E3B-415A-AB84-6447FC806ED6}.d|Any CPU.ActiveCfg = Debug|Any CPU
		{16476EAB-2E3B-415A-AB84-6447FC806ED6}.d|Any CPU.Build.0 = Debug|Any CPU
		{16476EAB-2E3B-415A-AB84-6447FC806ED6}.Debug|Any CPU.ActiveCfg = Debug|Any CPU
		{16476EAB-2E3B-415A-AB84-6447FC806ED6}.Debug|Any CPU.Build.0 = Debug|Any CPU
		{16476EAB-2E3B-415A-AB84-6447FC806ED6}.Release|Any CPU.ActiveCfg = Release|Any CPU
		{16476EAB-2E3B-415A-AB84-6447FC806ED6}.Release|Any CPU.Build.0 = Release|Any CPU
		{0B9A49BD-A595-4829-B467-40342FFF62EC}.d|Any CPU.ActiveCfg = Debug|Any CPU
		{0B9A49BD-A595-4829-B467-40342FFF62EC}.d|Any CPU.Build.0 = Debug|Any CPU
		{0B9A49BD-A595-4829-B467-40342FFF62EC}.Debug|Any CPU.ActiveCfg = Debug|Any CPU
		{0B9A49BD-A595-4829-B467-40342FFF62EC}.Debug|Any CPU.Build.0 = Debug|Any CPU
		{0B9A49BD-A595-4829-B467-40342FFF62EC}.Release|Any CPU.ActiveCfg = Release|Any CPU
		{0B9A49BD-A595-4829-B467-40342FFF62EC}.Release|Any CPU.Build.0 = Release|Any CPU
		{3A746F77-153A-450A-B0D3-44B82611BB64}.d|Any CPU.ActiveCfg = Debug|Any CPU
		{3A746F77-153A-450A-B0D3-44B82611BB64}.d|Any CPU.Build.0 = Debug|Any CPU
		{3A746F77-153A-450A-B0D3-44B82611BB64}.Debug|Any CPU.ActiveCfg = Debug|Any CPU
		{3A746F77-153A-450A-B0D3-44B82611BB64}.Debug|Any CPU.Build.0 = Debug|Any CPU
		{3A746F77-153A-450A-B0D3-44B82611BB64}.Release|Any CPU.ActiveCfg = Release|Any CPU
		{3A746F77-153A-450A-B0D3-44B82611BB64}.Release|Any CPU.Build.0 = Release|Any CPU
		{9105799D-544F-48A4-BBE0-9E7E79766D25}.d|Any CPU.ActiveCfg = Debug|Any CPU
		{9105799D-544F-48A4-BBE0-9E7E79766D25}.d|Any CPU.Build.0 = Debug|Any CPU
		{9105799D-544F-48A4-BBE0-9E7E79766D25}.Debug|Any CPU.ActiveCfg = Debug|Any CPU
		{9105799D-544F-48A4-BBE0-9E7E79766D25}.Debug|Any CPU.Build.0 = Debug|Any CPU
		{9105799D-544F-48A4-BBE0-9E7E79766D25}.Release|Any CPU.ActiveCfg = Release|Any CPU
		{9105799D-544F-48A4-BBE0-9E7E79766D25}.Release|Any CPU.Build.0 = Release|Any CPU
		{BAB57496-4E4C-4C78-BF75-D3A1E02346DD}.d|Any CPU.ActiveCfg = Debug|Any CPU
		{BAB57496-4E4C-4C78-BF75-D3A1E02346DD}.d|Any CPU.Build.0 = Debug|Any CPU
		{BAB57496-4E4C-4C78-BF75-D3A1E02346DD}.Debug|Any CPU.ActiveCfg = Debug|Any CPU
		{BAB57496-4E4C-4C78-BF75-D3A1E02346DD}.Debug|Any CPU.Build.0 = Debug|Any CPU
		{BAB57496-4E4C-4C78-BF75-D3A1E02346DD}.Release|Any CPU.ActiveCfg = Release|Any CPU
		{BAB57496-4E4C-4C78-BF75-D3A1E02346DD}.Release|Any CPU.Build.0 = Release|Any CPU
		{B1A23CED-4D3D-4132-B1C3-14C78CA64A7C}.d|Any CPU.ActiveCfg = Debug|Any CPU
		{B1A23CED-4D3D-4132-B1C3-14C78CA64A7C}.d|Any CPU.Build.0 = Debug|Any CPU
		{B1A23CED-4D3D-4132-B1C3-14C78CA64A7C}.Debug|Any CPU.ActiveCfg = Debug|Any CPU
		{B1A23CED-4D3D-4132-B1C3-14C78CA64A7C}.Debug|Any CPU.Build.0 = Debug|Any CPU
		{B1A23CED-4D3D-4132-B1C3-14C78CA64A7C}.Release|Any CPU.ActiveCfg = Release|Any CPU
		{B1A23CED-4D3D-4132-B1C3-14C78CA64A7C}.Release|Any CPU.Build.0 = Release|Any CPU
	EndGlobalSection
	GlobalSection(SolutionProperties) = preSolution
		HideSolutionNode = FALSE
	EndGlobalSection
	GlobalSection(NestedProjects) = preSolution
		{09E8FAAF-5C20-4B34-9B11-5BB59800001D} = {72DB2BD6-E0F6-4DFB-BE9A-1C5E80F4EEFA}
		{8E15E1B8-409B-457C-BEE7-2261216ECB4F} = {72DB2BD6-E0F6-4DFB-BE9A-1C5E80F4EEFA}
		{4F7D4C8D-D162-49AF-8060-0751C5063431} = {72DB2BD6-E0F6-4DFB-BE9A-1C5E80F4EEFA}
		{E962AEDD-DCF6-45BF-9B4A-F36694D4DBAC} = {72DB2BD6-E0F6-4DFB-BE9A-1C5E80F4EEFA}
		{AD995767-75BB-4F45-ADF9-D66A7CEC8523} = {E962AEDD-DCF6-45BF-9B4A-F36694D4DBAC}
		{BB591377-0541-418F-8B5F-44372111B321} = {72DB2BD6-E0F6-4DFB-BE9A-1C5E80F4EEFA}
		{3123BC89-9816-4F67-824C-81F3E56443A2} = {BB591377-0541-418F-8B5F-44372111B321}
		{06FAB551-BD34-44B0-91FD-A3DD5D30D53B} = {BB591377-0541-418F-8B5F-44372111B321}
		{A8B47C66-274C-4F3E-94FD-DB1480B8388A} = {BB591377-0541-418F-8B5F-44372111B321}
		{067292BE-40E9-440D-BBBC-834E26AC414F} = {BB591377-0541-418F-8B5F-44372111B321}
		{E2C9D962-8090-4885-8B9B-92F8FD527CE4} = {72DB2BD6-E0F6-4DFB-BE9A-1C5E80F4EEFA}
		{ABF9C4B2-F572-42AF-AE1A-D7B4BFA3F527} = {E2C9D962-8090-4885-8B9B-92F8FD527CE4}
		{ED17171F-6763-4A81-BC97-867159708956} = {ABF9C4B2-F572-42AF-AE1A-D7B4BFA3F527}
		{B2A32319-E78F-4396-A1E6-86700EBBE958} = {ABF9C4B2-F572-42AF-AE1A-D7B4BFA3F527}
		{283665A1-ADB6-4454-A3BF-9A8B97085821} = {ABF9C4B2-F572-42AF-AE1A-D7B4BFA3F527}
		{19ABAD0B-65EE-4FC5-A81B-EA0806B7DB2A} = {E2C9D962-8090-4885-8B9B-92F8FD527CE4}
		{35E8C25E-F0A8-46E0-B2E5-25D9FE044767} = {19ABAD0B-65EE-4FC5-A81B-EA0806B7DB2A}
		{F1381380-789E-4963-9119-011446C68745} = {19ABAD0B-65EE-4FC5-A81B-EA0806B7DB2A}
		{AF2FA019-029D-497F-A93B-25D0A4C3D9E2} = {19ABAD0B-65EE-4FC5-A81B-EA0806B7DB2A}
		{29C012F3-A4E4-4B54-9DD3-82FAEC876F88} = {E2C9D962-8090-4885-8B9B-92F8FD527CE4}
		{B9F054B6-E134-4084-8DC1-7215D0F1ECCE} = {E2C9D962-8090-4885-8B9B-92F8FD527CE4}
		{ED8E63A5-7414-4331-96DE-0B3739BD909C} = {E2C9D962-8090-4885-8B9B-92F8FD527CE4}
		{AED17B32-4304-4530-BB45-C93424826E8E} = {ED8E63A5-7414-4331-96DE-0B3739BD909C}
		{4F98A675-D40E-47AC-9325-899122F54E8F} = {ED8E63A5-7414-4331-96DE-0B3739BD909C}
		{E0C0DA6F-9867-4905-93AC-52B8074192C7} = {4F98A675-D40E-47AC-9325-899122F54E8F}
		{16476EAB-2E3B-415A-AB84-6447FC806ED6} = {4F98A675-D40E-47AC-9325-899122F54E8F}
		{0B9A49BD-A595-4829-B467-40342FFF62EC} = {E2C9D962-8090-4885-8B9B-92F8FD527CE4}
		{3A746F77-153A-450A-B0D3-44B82611BB64} = {E2C9D962-8090-4885-8B9B-92F8FD527CE4}
		{9F2245A4-BC38-4DEC-B44F-A86124B24BE6} = {E2C9D962-8090-4885-8B9B-92F8FD527CE4}
		{9105799D-544F-48A4-BBE0-9E7E79766D25} = {9F2245A4-BC38-4DEC-B44F-A86124B24BE6}
		{BAB57496-4E4C-4C78-BF75-D3A1E02346DD} = {9F2245A4-BC38-4DEC-B44F-A86124B24BE6}
		{B1A23CED-4D3D-4132-B1C3-14C78CA64A7C} = {E2C9D962-8090-4885-8B9B-92F8FD527CE4}
	EndGlobalSection
	GlobalSection(ExtensibilityGlobals) = postSolution
		SolutionGuid = {2535011F-FEF4-495A-AAE1-D60C446B7078}
	EndGlobalSection
EndGlobal
